
Microsoft Visual Studio Solution File, Format Version 12.00
# Visual Studio Version 17
VisualStudioVersion = 17.13.35828.75 d17.13
MinimumVisualStudioVersion = 10.0.40219.1
Project("{FAE04EC0-301F-11D3-BF4B-00C04F79EFBC}") = "Notepad", "Notepad\Notepad.csproj", "{E0E3FA1E-679E-4F9F-B25A-5A4446229DFF}"
EndProject
Global
	GlobalSection(SolutionConfigurationPlatforms) = preSolution
		Debug|Any CPU = Debug|Any CPU
		Release|Any CPU = Release|Any CPU
	EndGlobalSection
	GlobalSection(ProjectConfigurationPlatforms) = postSolution
		{E0E3FA1E-679E-4F9F-B25A-5A4446229DFF}.Debug|Any CPU.ActiveCfg = Debug|Any CPU
		{E0E3FA1E-679E-4F9F-B25A-5A4446229DFF}.Debug|Any CPU.Build.0 = Debug|Any CPU
		{E0E3FA1E-679E-4F9F-B25A-5A4446229DFF}.Release|Any CPU.ActiveCfg = Release|Any CPU
		{E0E3FA1E-679E-4F9F-B25A-5A4446229DFF}.Release|Any CPU.Build.0 = Release|Any CPU
	EndGlobalSection
	GlobalSection(SolutionProperties) = preSolution
		HideSolutionNode = FALSE
	EndGlobalSection
	GlobalSection(ExtensibilityGlobals) = postSolution
		SolutionGuid = {7C7EAB84-4524-4BEB-B033-C43497150D9F}
	EndGlobalSection
EndGlobal
